
Microsoft Visual Studio Solution File, Format Version 12.00
# Visual Studio 15
VisualStudioVersion = 15.0.28307.489
MinimumVisualStudioVersion = 10.0.40219.1
Project("{FAE04EC0-301F-11D3-BF4B-00C04F79EFBC}") = "WpfControlLibrary", "WpfControlLibrary\WpfControlLibrary.csproj", "{D98A4B84-16EE-47B9-B8A3-E0BC7101E0BC}"
EndProject
Project("{FAE04EC0-301F-11D3-BF4B-00C04F79EFBC}") = "TestApp", "TestApp\TestApp.csproj", "{D0EB4D54-3A23-4BE2-83F0-36D4B83B41FA}"
EndProject
Global
	GlobalSection(SolutionConfigurationPlatforms) = preSolution
		Debug|Any CPU = Debug|Any CPU
		Release|Any CPU = Release|Any CPU
	EndGlobalSection
	GlobalSection(ProjectConfigurationPlatforms) = postSolution
		{D98A4B84-16EE-47B9-B8A3-E0BC7101E0BC}.Debug|Any CPU.ActiveCfg = Debug|Any CPU
		{D98A4B84-16EE-47B9-B8A3-E0BC7101E0BC}.Debug|Any CPU.Build.0 = Debug|Any CPU
		{D98A4B84-16EE-47B9-B8A3-E0BC7101E0BC}.Release|Any CPU.ActiveCfg = Release|Any CPU
		{D98A4B84-16EE-47B9-B8A3-E0BC7101E0BC}.Release|Any CPU.Build.0 = Release|Any CPU
		{D0EB4D54-3A23-4BE2-83F0-36D4B83B41FA}.Debug|Any CPU.ActiveCfg = Debug|Any CPU
		{D0EB4D54-3A23-4BE2-83F0-36D4B83B41FA}.Debug|Any CPU.Build.0 = Debug|Any CPU
		{D0EB4D54-3A23-4BE2-83F0-36D4B83B41FA}.Release|Any CPU.ActiveCfg = Release|Any CPU
		{D0EB4D54-3A23-4BE2-83F0-36D4B83B41FA}.Release|Any CPU.Build.0 = Release|Any CPU
	EndGlobalSection
	GlobalSection(SolutionProperties) = preSolution
		HideSolutionNode = FALSE
	EndGlobalSection
	GlobalSection(ExtensibilityGlobals) = postSolution
		SolutionGuid = {6D1060B7-7D55-476F-B0E7-098B3BDC4711}
	EndGlobalSection
EndGlobal
